
Microsoft Visual Studio Solution File, Format Version 12.00
# Visual Studio Version 17
VisualStudioVersion = 17.11.35303.130
MinimumVisualStudioVersion = 10.0.40219.1
Project("{2150E333-8FDC-42A3-9474-1A3956D46DE8}") = "Task0", "Task0", "{1BAF9925-5E0D-4B7E-BBE5-DC75A8BA31AD}"
EndProject
Project("{FAE04EC0-301F-11D3-BF4B-00C04F79EFBC}") = "Tyuiu.BilousEYu.Sprint0.Task0.V0", "Tyuiu.BilousEYu.Sprint0.Task0.V0\Tyuiu.BilousEYu.Sprint0.Task0.V0.csproj", "{D27C7436-1BD0-4FCA-B87B-C8549540252F}"
EndProject
Global
	GlobalSection(SolutionConfigurationPlatforms) = preSolution
		Debug|Any CPU = Debug|Any CPU
		Release|Any CPU = Release|Any CPU
	EndGlobalSection
	GlobalSection(ProjectConfigurationPlatforms) = postSolution
		{D27C7436-1BD0-4FCA-B87B-C8549540252F}.Debug|Any CPU.ActiveCfg = Debug|Any CPU
		{D27C7436-1BD0-4FCA-B87B-C8549540252F}.Debug|Any CPU.Build.0 = Debug|Any CPU
		{D27C7436-1BD0-4FCA-B87B-C8549540252F}.Release|Any CPU.ActiveCfg = Release|Any CPU
		{D27C7436-1BD0-4FCA-B87B-C8549540252F}.Release|Any CPU.Build.0 = Release|Any CPU
	EndGlobalSection
	GlobalSection(SolutionProperties) = preSolution
		HideSolutionNode = FALSE
	EndGlobalSection
	GlobalSection(NestedProjects) = preSolution
		{D27C7436-1BD0-4FCA-B87B-C8549540252F} = {1BAF9925-5E0D-4B7E-BBE5-DC75A8BA31AD}
	EndGlobalSection
	GlobalSection(ExtensibilityGlobals) = postSolution
		SolutionGuid = {5F15E070-A013-4C4E-BB2A-C1B5E06FC5F6}
	EndGlobalSection
EndGlobal
