
Microsoft Visual Studio Solution File, Format Version 12.00
# Visual Studio Version 17
VisualStudioVersion = 17.11.35303.130
MinimumVisualStudioVersion = 10.0.40219.1
Project("{2150E333-8FDC-42A3-9474-1A3956D46DE8}") = "Task0", "Task0", "{1BAF9925-5E0D-4B7E-BBE5-DC75A8BA31AD}"
EndProject
Project("{9A19103F-16F7-4668-BE54-9A1E7A4F7556}") = "Tyuiu.BilousEYu.Sprint0.Task0.V0", "Tyuiu.BilousEYu.Sprint0.Task0.V0\Tyuiu.BilousEYu.Sprint0.Task0.V0.csproj", "{D27C7436-1BD0-4FCA-B87B-C8549540252F}"
EndProject
Project("{2150E333-8FDC-42A3-9474-1A3956D46DE8}") = "Task1", "Task1", "{386CB8F3-5EF2-4AFF-A89E-9E779580BCF6}"
EndProject
Project("{9A19103F-16F7-4668-BE54-9A1E7A4F7556}") = "Tyuiu.BilousEYu.Sprint0.Task1.V0", "Tyuiu.BilousEYu.Sprint0.Task1.V0\Tyuiu.BilousEYu.Sprint0.Task1.V0.csproj", "{C83225AC-BC26-48F5-A8A8-D1CE5E56F063}"
EndProject
Project("{2150E333-8FDC-42A3-9474-1A3956D46DE8}") = "Task2", "Task2", "{D894364E-6956-4EFC-B34B-621626CF9513}"
EndProject
Project("{9A19103F-16F7-4668-BE54-9A1E7A4F7556}") = "Tyuiu.BilousEYu.Sprint0.Task2.V0", "Tyuiu.BilousEYu.Sprint0.Task2.V0\Tyuiu.BilousEYu.Sprint0.Task2.V0.csproj", "{F9971BBA-A370-4F5C-9A91-5F6DCFAECAB5}"
EndProject
Project("{9A19103F-16F7-4668-BE54-9A1E7A4F7556}") = "Tyuiu.BilousEYu.Sprint0.Task2.V0.Lib", "Tyuiu.BilousEYu.Sprint0.Task2.V0.Lib\Tyuiu.BilousEYu.Sprint0.Task2.V0.Lib.csproj", "{9C85B270-6C6B-435E-9570-07A8D14CA20B}"
EndProject
Project("{9A19103F-16F7-4668-BE54-9A1E7A4F7556}") = "Tyuiu.BilousEYu.Sprint0.Task2.V0.Test", "Tyuiu.BilousEYu.Sprint0.Task2.V0.Test\Tyuiu.BilousEYu.Sprint0.Task2.V0.Test.csproj", "{F7B2AEA1-E88F-478B-8DA8-23EC9675B79F}"
EndProject
Project("{2150E333-8FDC-42A3-9474-1A3956D46DE8}") = "Task3", "Task3", "{76343098-B71B-49BF-B334-B951CE2ACC0B}"
EndProject
Project("{9A19103F-16F7-4668-BE54-9A1E7A4F7556}") = "Tyuiu.BilousEYu.Sprint0.Task3.V0", "Tyuiu.BilousEYu.Sprint0.Task3.V0\Tyuiu.BilousEYu.Sprint0.Task3.V0.csproj", "{AB0B2B57-3E72-40C4-A91B-401BFC95350B}"
EndProject
Project("{9A19103F-16F7-4668-BE54-9A1E7A4F7556}") = "Tyuiu.BilousEYu.Sprint0.Task3.V0.Lib", "Tyuiu.BilousEYu.Sprint0.Task3.V0.Lib\Tyuiu.BilousEYu.Sprint0.Task3.V0.Lib.csproj", "{1D0A5C3F-4A8F-45A3-9C67-7740A748B1BA}"
EndProject
Project("{9A19103F-16F7-4668-BE54-9A1E7A4F7556}") = "Tyuiu.BilousEYu.Sprint0.Task3.V0.Test", "Tyuiu.BilousEYu.Sprint0.Task3.V0.Test\Tyuiu.BilousEYu.Sprint0.Task3.V0.Test.csproj", "{C1FC4CA5-CDC9-4F37-82F8-C20321CBDD3A}"
EndProject
Project("{2150E333-8FDC-42A3-9474-1A3956D46DE8}") = "Task4", "Task4", "{1308DB6A-24DC-4495-A5EE-57299FC60319}"
EndProject
Project("{FAE04EC0-301F-11D3-BF4B-00C04F79EFBC}") = "Tyuiu.BilousEYu.Sprint0.Task4.V0", "Tyuiu.BilousEYu.Sprint0.Task4.V0\Tyuiu.BilousEYu.Sprint0.Task4.V0.csproj", "{6B6C7D87-1890-4217-B8AD-D54CC4F86002}"
EndProject
Project("{FAE04EC0-301F-11D3-BF4B-00C04F79EFBC}") = "Tyuiu.BilousEYu.Sprint0.Task4.V0.Lib", "Tyuiu.BilousEYu.Sprint0.Task4.V0.Lib\Tyuiu.BilousEYu.Sprint0.Task4.V0.Lib.csproj", "{14449354-CB9C-40B8-9519-EE5D158C47A0}"
EndProject
Project("{FAE04EC0-301F-11D3-BF4B-00C04F79EFBC}") = "Tyuiu.BilousEYu.Sprint0.Task4.V0.Test", "Tyuiu.BilousEYu.Sprint0.Task4.V0.Test\Tyuiu.BilousEYu.Sprint0.Task4.V0.Test.csproj", "{2657C0C5-F4F8-4435-847E-398259070BA6}"
EndProject
Project("{2150E333-8FDC-42A3-9474-1A3956D46DE8}") = "Task5", "Task5", "{568C1E3F-A738-4845-A810-F23EDB3DAE14}"
EndProject
Project("{FAE04EC0-301F-11D3-BF4B-00C04F79EFBC}") = "Tyuiu.BilousEYu.Sprint0.Task5.V0", "Tyuiu.BilousEYu.Sprint0.Task5.V0\Tyuiu.BilousEYu.Sprint0.Task5.V0.csproj", "{4C2E4B53-8FCB-4F4C-80B5-DD33101846E0}"
EndProject
Project("{FAE04EC0-301F-11D3-BF4B-00C04F79EFBC}") = "Tyuiu.BilousEYu.Sprint0.Task5.V0.Lib", "Tyuiu.BilousEYu.Sprint0.Task5.V0.Lib\Tyuiu.BilousEYu.Sprint0.Task5.V0.Lib.csproj", "{7F9AD437-C10F-4832-81D0-B465C72AA02E}"
EndProject
Project("{FAE04EC0-301F-11D3-BF4B-00C04F79EFBC}") = "Tyuiu.BilousEYu.Sprint0.Task5.V0.Test", "Tyuiu.BilousEYu.Sprint0.Task5.V0.Test\Tyuiu.BilousEYu.Sprint0.Task5.V0.Test.csproj", "{7470ECB3-4C42-4610-AB38-147B999F2940}"
EndProject
Project("{2150E333-8FDC-42A3-9474-1A3956D46DE8}") = "Task6", "Task6", "{BC361327-91AF-4E85-B824-70F8BD6EF868}"
EndProject
Project("{FAE04EC0-301F-11D3-BF4B-00C04F79EFBC}") = "Tyuiu.BilousEYu.Sprint0.Task6.V0", "Tyuiu.BilousEYu.Sprint0.Task6.V0\Tyuiu.BilousEYu.Sprint0.Task6.V0.csproj", "{C63371ED-A770-4BBC-9A0B-3D3D4E4F99CF}"
EndProject
Project("{FAE04EC0-301F-11D3-BF4B-00C04F79EFBC}") = "Tyuiu.BilousEYu.Sprint0.Task6.V0.Lib", "Tyuiu.BilousEYu.Sprint0.Task6.V0.Lib\Tyuiu.BilousEYu.Sprint0.Task6.V0.Lib.csproj", "{80806860-F15F-497E-82AE-5EC8DD929FFB}"
EndProject
Project("{FAE04EC0-301F-11D3-BF4B-00C04F79EFBC}") = "Tyuiu.BilousEYu.Sprint0.Task6.V0.Test", "Tyuiu.BilousEYu.Sprint0.Task6.V0.Test\Tyuiu.BilousEYu.Sprint0.Task6.V0.Test.csproj", "{C9BC6BB6-E2C4-4C27-A241-9C2C5D076904}"
EndProject
Global
	GlobalSection(SolutionConfigurationPlatforms) = preSolution
		Debug|Any CPU = Debug|Any CPU
		Release|Any CPU = Release|Any CPU
	EndGlobalSection
	GlobalSection(ProjectConfigurationPlatforms) = postSolution
		{D27C7436-1BD0-4FCA-B87B-C8549540252F}.Debug|Any CPU.ActiveCfg = Debug|Any CPU
		{D27C7436-1BD0-4FCA-B87B-C8549540252F}.Debug|Any CPU.Build.0 = Debug|Any CPU
		{D27C7436-1BD0-4FCA-B87B-C8549540252F}.Release|Any CPU.ActiveCfg = Release|Any CPU
		{D27C7436-1BD0-4FCA-B87B-C8549540252F}.Release|Any CPU.Build.0 = Release|Any CPU
		{C83225AC-BC26-48F5-A8A8-D1CE5E56F063}.Debug|Any CPU.ActiveCfg = Debug|Any CPU
		{C83225AC-BC26-48F5-A8A8-D1CE5E56F063}.Debug|Any CPU.Build.0 = Debug|Any CPU
		{C83225AC-BC26-48F5-A8A8-D1CE5E56F063}.Release|Any CPU.ActiveCfg = Release|Any CPU
		{C83225AC-BC26-48F5-A8A8-D1CE5E56F063}.Release|Any CPU.Build.0 = Release|Any CPU
		{F9971BBA-A370-4F5C-9A91-5F6DCFAECAB5}.Debug|Any CPU.ActiveCfg = Debug|Any CPU
		{F9971BBA-A370-4F5C-9A91-5F6DCFAECAB5}.Debug|Any CPU.Build.0 = Debug|Any CPU
		{F9971BBA-A370-4F5C-9A91-5F6DCFAECAB5}.Release|Any CPU.ActiveCfg = Release|Any CPU
		{F9971BBA-A370-4F5C-9A91-5F6DCFAECAB5}.Release|Any CPU.Build.0 = Release|Any CPU
		{9C85B270-6C6B-435E-9570-07A8D14CA20B}.Debug|Any CPU.ActiveCfg = Debug|Any CPU
		{9C85B270-6C6B-435E-9570-07A8D14CA20B}.Debug|Any CPU.Build.0 = Debug|Any CPU
		{9C85B270-6C6B-435E-9570-07A8D14CA20B}.Release|Any CPU.ActiveCfg = Release|Any CPU
		{9C85B270-6C6B-435E-9570-07A8D14CA20B}.Release|Any CPU.Build.0 = Release|Any CPU
		{F7B2AEA1-E88F-478B-8DA8-23EC9675B79F}.Debug|Any CPU.ActiveCfg = Debug|Any CPU
		{F7B2AEA1-E88F-478B-8DA8-23EC9675B79F}.Debug|Any CPU.Build.0 = Debug|Any CPU
		{F7B2AEA1-E88F-478B-8DA8-23EC9675B79F}.Release|Any CPU.ActiveCfg = Release|Any CPU
		{F7B2AEA1-E88F-478B-8DA8-23EC9675B79F}.Release|Any CPU.Build.0 = Release|Any CPU
		{AB0B2B57-3E72-40C4-A91B-401BFC95350B}.Debug|Any CPU.ActiveCfg = Debug|Any CPU
		{AB0B2B57-3E72-40C4-A91B-401BFC95350B}.Debug|Any CPU.Build.0 = Debug|Any CPU
		{AB0B2B57-3E72-40C4-A91B-401BFC95350B}.Release|Any CPU.ActiveCfg = Release|Any CPU
		{AB0B2B57-3E72-40C4-A91B-401BFC95350B}.Release|Any CPU.Build.0 = Release|Any CPU
		{1D0A5C3F-4A8F-45A3-9C67-7740A748B1BA}.Debug|Any CPU.ActiveCfg = Debug|Any CPU
		{1D0A5C3F-4A8F-45A3-9C67-7740A748B1BA}.Debug|Any CPU.Build.0 = Debug|Any CPU
		{1D0A5C3F-4A8F-45A3-9C67-7740A748B1BA}.Release|Any CPU.ActiveCfg = Release|Any CPU
		{1D0A5C3F-4A8F-45A3-9C67-7740A748B1BA}.Release|Any CPU.Build.0 = Release|Any CPU
		{C1FC4CA5-CDC9-4F37-82F8-C20321CBDD3A}.Debug|Any CPU.ActiveCfg = Debug|Any CPU
		{C1FC4CA5-CDC9-4F37-82F8-C20321CBDD3A}.Debug|Any CPU.Build.0 = Debug|Any CPU
		{C1FC4CA5-CDC9-4F37-82F8-C20321CBDD3A}.Release|Any CPU.ActiveCfg = Release|Any CPU
		{C1FC4CA5-CDC9-4F37-82F8-C20321CBDD3A}.Release|Any CPU.Build.0 = Release|Any CPU
		{6B6C7D87-1890-4217-B8AD-D54CC4F86002}.Debug|Any CPU.ActiveCfg = Debug|Any CPU
		{6B6C7D87-1890-4217-B8AD-D54CC4F86002}.Debug|Any CPU.Build.0 = Debug|Any CPU
		{6B6C7D87-1890-4217-B8AD-D54CC4F86002}.Release|Any CPU.ActiveCfg = Release|Any CPU
		{6B6C7D87-1890-4217-B8AD-D54CC4F86002}.Release|Any CPU.Build.0 = Release|Any CPU
		{14449354-CB9C-40B8-9519-EE5D158C47A0}.Debug|Any CPU.ActiveCfg = Debug|Any CPU
		{14449354-CB9C-40B8-9519-EE5D158C47A0}.Debug|Any CPU.Build.0 = Debug|Any CPU
		{14449354-CB9C-40B8-9519-EE5D158C47A0}.Release|Any CPU.ActiveCfg = Release|Any CPU
		{14449354-CB9C-40B8-9519-EE5D158C47A0}.Release|Any CPU.Build.0 = Release|Any CPU
		{2657C0C5-F4F8-4435-847E-398259070BA6}.Debug|Any CPU.ActiveCfg = Debug|Any CPU
		{2657C0C5-F4F8-4435-847E-398259070BA6}.Debug|Any CPU.Build.0 = Debug|Any CPU
		{2657C0C5-F4F8-4435-847E-398259070BA6}.Release|Any CPU.ActiveCfg = Release|Any CPU
		{2657C0C5-F4F8-4435-847E-398259070BA6}.Release|Any CPU.Build.0 = Release|Any CPU
		{4C2E4B53-8FCB-4F4C-80B5-DD33101846E0}.Debug|Any CPU.ActiveCfg = Debug|Any CPU
		{4C2E4B53-8FCB-4F4C-80B5-DD33101846E0}.Debug|Any CPU.Build.0 = Debug|Any CPU
		{4C2E4B53-8FCB-4F4C-80B5-DD33101846E0}.Release|Any CPU.ActiveCfg = Release|Any CPU
		{4C2E4B53-8FCB-4F4C-80B5-DD33101846E0}.Release|Any CPU.Build.0 = Release|Any CPU
		{7F9AD437-C10F-4832-81D0-B465C72AA02E}.Debug|Any CPU.ActiveCfg = Debug|Any CPU
		{7F9AD437-C10F-4832-81D0-B465C72AA02E}.Debug|Any CPU.Build.0 = Debug|Any CPU
		{7F9AD437-C10F-4832-81D0-B465C72AA02E}.Release|Any CPU.ActiveCfg = Release|Any CPU
		{7F9AD437-C10F-4832-81D0-B465C72AA02E}.Release|Any CPU.Build.0 = Release|Any CPU
		{7470ECB3-4C42-4610-AB38-147B999F2940}.Debug|Any CPU.ActiveCfg = Debug|Any CPU
		{7470ECB3-4C42-4610-AB38-147B999F2940}.Debug|Any CPU.Build.0 = Debug|Any CPU
		{7470ECB3-4C42-4610-AB38-147B999F2940}.Release|Any CPU.ActiveCfg = Release|Any CPU
		{7470ECB3-4C42-4610-AB38-147B999F2940}.Release|Any CPU.Build.0 = Release|Any CPU
		{C63371ED-A770-4BBC-9A0B-3D3D4E4F99CF}.Debug|Any CPU.ActiveCfg = Debug|Any CPU
		{C63371ED-A770-4BBC-9A0B-3D3D4E4F99CF}.Debug|Any CPU.Build.0 = Debug|Any CPU
		{C63371ED-A770-4BBC-9A0B-3D3D4E4F99CF}.Release|Any CPU.ActiveCfg = Release|Any CPU
		{C63371ED-A770-4BBC-9A0B-3D3D4E4F99CF}.Release|Any CPU.Build.0 = Release|Any CPU
		{80806860-F15F-497E-82AE-5EC8DD929FFB}.Debug|Any CPU.ActiveCfg = Debug|Any CPU
		{80806860-F15F-497E-82AE-5EC8DD929FFB}.Debug|Any CPU.Build.0 = Debug|Any CPU
		{80806860-F15F-497E-82AE-5EC8DD929FFB}.Release|Any CPU.ActiveCfg = Release|Any CPU
		{80806860-F15F-497E-82AE-5EC8DD929FFB}.Release|Any CPU.Build.0 = Release|Any CPU
		{C9BC6BB6-E2C4-4C27-A241-9C2C5D076904}.Debug|Any CPU.ActiveCfg = Debug|Any CPU
		{C9BC6BB6-E2C4-4C27-A241-9C2C5D076904}.Debug|Any CPU.Build.0 = Debug|Any CPU
		{C9BC6BB6-E2C4-4C27-A241-9C2C5D076904}.Release|Any CPU.ActiveCfg = Release|Any CPU
		{C9BC6BB6-E2C4-4C27-A241-9C2C5D076904}.Release|Any CPU.Build.0 = Release|Any CPU
	EndGlobalSection
	GlobalSection(SolutionProperties) = preSolution
		HideSolutionNode = FALSE
	EndGlobalSection
	GlobalSection(NestedProjects) = preSolution
		{D27C7436-1BD0-4FCA-B87B-C8549540252F} = {1BAF9925-5E0D-4B7E-BBE5-DC75A8BA31AD}
		{C83225AC-BC26-48F5-A8A8-D1CE5E56F063} = {386CB8F3-5EF2-4AFF-A89E-9E779580BCF6}
		{F9971BBA-A370-4F5C-9A91-5F6DCFAECAB5} = {D894364E-6956-4EFC-B34B-621626CF9513}
		{9C85B270-6C6B-435E-9570-07A8D14CA20B} = {D894364E-6956-4EFC-B34B-621626CF9513}
		{F7B2AEA1-E88F-478B-8DA8-23EC9675B79F} = {D894364E-6956-4EFC-B34B-621626CF9513}
		{AB0B2B57-3E72-40C4-A91B-401BFC95350B} = {76343098-B71B-49BF-B334-B951CE2ACC0B}
		{1D0A5C3F-4A8F-45A3-9C67-7740A748B1BA} = {76343098-B71B-49BF-B334-B951CE2ACC0B}
		{C1FC4CA5-CDC9-4F37-82F8-C20321CBDD3A} = {76343098-B71B-49BF-B334-B951CE2ACC0B}
		{6B6C7D87-1890-4217-B8AD-D54CC4F86002} = {1308DB6A-24DC-4495-A5EE-57299FC60319}
		{14449354-CB9C-40B8-9519-EE5D158C47A0} = {1308DB6A-24DC-4495-A5EE-57299FC60319}
		{2657C0C5-F4F8-4435-847E-398259070BA6} = {1308DB6A-24DC-4495-A5EE-57299FC60319}
		{4C2E4B53-8FCB-4F4C-80B5-DD33101846E0} = {568C1E3F-A738-4845-A810-F23EDB3DAE14}
		{7F9AD437-C10F-4832-81D0-B465C72AA02E} = {568C1E3F-A738-4845-A810-F23EDB3DAE14}
		{7470ECB3-4C42-4610-AB38-147B999F2940} = {568C1E3F-A738-4845-A810-F23EDB3DAE14}
		{C63371ED-A770-4BBC-9A0B-3D3D4E4F99CF} = {BC361327-91AF-4E85-B824-70F8BD6EF868}
		{80806860-F15F-497E-82AE-5EC8DD929FFB} = {BC361327-91AF-4E85-B824-70F8BD6EF868}
		{C9BC6BB6-E2C4-4C27-A241-9C2C5D076904} = {BC361327-91AF-4E85-B824-70F8BD6EF868}
	EndGlobalSection
	GlobalSection(ExtensibilityGlobals) = postSolution
		SolutionGuid = {5F15E070-A013-4C4E-BB2A-C1B5E06FC5F6}
	EndGlobalSection
EndGlobal
